{
  "name": "out-side_pack",
  "version": "1.0.0",
  "lockfileVersion": 1,
  "requires": true,
  "dependencies": {
    "abcd_package": {
      "version": "1.0.0",
      "resolved": "https://registry.npmjs.org/abcd_package/-/abcd_package-1.0.0.tgz",
      "integrity": "sha512-Fd0/GB6ClKMsCj5rG3fyNS1O6wiiQAjRLHn5AveBJfrRnByGYzajfOPQbQ4PHUYKeMdavYJNXjzI+h+PaxIe9g=="
    },
    "package-first-nilima-sevenmentor": {
      "version": "1.0.0",
      "resolved": "https://registry.npmjs.org/package-first-nilima-sevenmentor/-/package-first-nilima-sevenmentor-1.0.0.tgz",
      "integrity": "sha512-ERHo2IBxOo2jgdd99q+vwzAl4LwwkWSxeLE6wLcKmhLzwDQuGEIBl+pVdPDUnUydN1hAorWeSUqfvPtDvRItsQ=="
    },
    "rakhi_package": {
      "version": "1.0.0",
      "resolved": "https://registry.npmjs.org/rakhi_package/-/rakhi_package-1.0.0.tgz",
      "integrity": "sha512-z2XwL49047yTGyEQNsTn0YtyxA46P9k5Q6yLnNJ9ZoRXf5dB+PRbjYAR1fzOTYpmZFXAB/PQ89P0dNRzYcchcA=="
    },
    "sag_pack_in": {
      "version": "1.0.0",
      "resolved": "https://registry.npmjs.org/sag_pack_in/-/sag_pack_in-1.0.0.tgz",
      "integrity": "sha512-fgWAaHSf5cUuUcgms7YVaniUH5Fb//YNr271vnMvFBkWc5AioKRBX3Yu+5AvzfPWty5FfXALiGCMMMKc+a1xZg=="
    },
    "saurav11_first_package": {
      "version": "1.0.0",
      "resolved": "https://registry.npmjs.org/saurav11_first_package/-/saurav11_first_package-1.0.0.tgz",
      "integrity": "sha512-bew7tD4Sbdb8lLpQaRE+W+yG7hDypY/lP9h4FtbO6pYuZRocm0uRLiEWQtm1DsiJWVvUgR1JJxvE9xHtu+t8lg=="
    },
    "tanmai_package": {
      "version": "1.0.0",
      "resolved": "https://registry.npmjs.org/tanmai_package/-/tanmai_package-1.0.0.tgz",
      "integrity": "sha512-vsBxVtlYAOgt/wzM93x7tcTLg5lDNjTj+tPJsysGRTBsAwgDZSkH9wRg2MLyCQfDg1Kp/xgppnPZaiG4uqEi8Q=="
    }
  }
}
